// !$*UTF8*$!
{
	archiveVersion = 1;
	classes = {
	};
	objectVersion = 77;
	objects = {

/* Begin PBXBuildFile section */
		068D5A3BBC10A328C1E1CA5D /* CoreDomain in Frameworks */ = {isa = PBXBuildFile; productRef = F4D4AD4C54CC98827868B451 /* CoreDomain */; };
		19B892337E1F966B6F382455 /* AnnotationFeature in Frameworks */ = {isa = PBXBuildFile; productRef = ADA971AFC20E7F8205BD14EC /* AnnotationFeature */; };
		1AAC0BB093B3D376E76D2405 /* SyncFeature in Frameworks */ = {isa = PBXBuildFile; productRef = E107029463CF13117DAE64C0 /* SyncFeature */; };
		23899A3D9AE123B256586333 /* AdminConsoleView.swift in Sources */ = {isa = PBXBuildFile; fileRef = 7185FD5608F6FEB450BF2F5A /* AdminConsoleView.swift */; };
		3523EB753652F366CECD5EFF /* OnboardingView.swift in Sources */ = {isa = PBXBuildFile; fileRef = 61CD1E8ED20705E4B8066B3B /* OnboardingView.swift */; };
		368898ACA98B752A9AF8ECF9 /* CoreDomain in Frameworks */ = {isa = PBXBuildFile; productRef = 3B36979412553F7CBC240F62 /* CoreDomain */; };
		3A9322074186841C69B46367 /* ScoreStageTests.swift in Sources */ = {isa = PBXBuildFile; fileRef = CBCD611DDE4919AD924DC042 /* ScoreStageTests.swift */; };
		3AC9980BA25ABD095CF9DF19 /* SettingsView.swift in Sources */ = {isa = PBXBuildFile; fileRef = 8B2CE0C68291BE92C252BCD1 /* SettingsView.swift */; };
		423580C68836CC111D590B4C /* ScoreStageApp.swift in Sources */ = {isa = PBXBuildFile; fileRef = 1F24DE759136043B296DC774 /* ScoreStageApp.swift */; };
		454CABF06BA43B1F831D91CC /* AccountAccess.swift in Sources */ = {isa = PBXBuildFile; fileRef = F48FA19296652CF24BC2FB4E /* AccountAccess.swift */; };
		4B325C1B2B39C213E7EB38E4 /* AccountAccess.swift in Sources */ = {isa = PBXBuildFile; fileRef = F48FA19296652CF24BC2FB4E /* AccountAccess.swift */; };
		577CB981D77F2397B996C260 /* SyncFeature in Frameworks */ = {isa = PBXBuildFile; productRef = ADB558F2B29A153233576609 /* SyncFeature */; };
		5CDEA5E8E0FDC04DC7076AE7 /* ScoreStageApp.swift in Sources */ = {isa = PBXBuildFile; fileRef = 1F24DE759136043B296DC774 /* ScoreStageApp.swift */; };
		5F9E9AA68A3CDFF6ECC5F3FE /* SetlistFeature in Frameworks */ = {isa = PBXBuildFile; productRef = B31F5C39D978E876782944C8 /* SetlistFeature */; };
		639671C2C5CBB6E3207A2984 /* ContentView.swift in Sources */ = {isa = PBXBuildFile; fileRef = CC890328F2B3C396AC4214D4 /* ContentView.swift */; };
		64D7185B1C7A92B3E680F40F /* AccountLoginView.swift in Sources */ = {isa = PBXBuildFile; fileRef = DA4DFE7BBF5C5B675FB8619F /* AccountLoginView.swift */; };
		6589CD666E49A314E928BB5D /* SetlistFeature in Frameworks */ = {isa = PBXBuildFile; productRef = CDB76905AC76C08AE55CE1E0 /* SetlistFeature */; };
		680F6D97C40CD7463058871A /* OnboardingView.swift in Sources */ = {isa = PBXBuildFile; fileRef = 61CD1E8ED20705E4B8066B3B /* OnboardingView.swift */; };
		6B9984F176BE980F4304A1D7 /* LibraryFeature in Frameworks */ = {isa = PBXBuildFile; productRef = 718BCE056C508C1B5C9D5B03 /* LibraryFeature */; };
		7661CF385277261087C4D48B /* PaywallView.swift in Sources */ = {isa = PBXBuildFile; fileRef = AC2AFDECD528BD44B6C834AB /* PaywallView.swift */; };
		7FCF73518E566DC6D95D1E7D /* ReaderFeature in Frameworks */ = {isa = PBXBuildFile; productRef = 559D35A7A0CBD41E0FDB2292 /* ReaderFeature */; };
		805521FA481AAE7B10DC44F2 /* ReaderFeature in Frameworks */ = {isa = PBXBuildFile; productRef = 0C51E0C0D46C09DD3BD1FB57 /* ReaderFeature */; };
		80AD6678CA639845B75E534F /* PaywallView.swift in Sources */ = {isa = PBXBuildFile; fileRef = AC2AFDECD528BD44B6C834AB /* PaywallView.swift */; };
		82213D85533142368ABCA6E9 /* AnnotationFeature in Frameworks */ = {isa = PBXBuildFile; productRef = AA299D5A6BF1513D0BDE06BE /* AnnotationFeature */; };
		866997E44245B9EB56305928 /* PlaybackFeature in Frameworks */ = {isa = PBXBuildFile; productRef = E46D0FA2DFFDAD48B0D2B141 /* PlaybackFeature */; };
		89B2F7E7EBF8FA2471DB5B46 /* DeviceLinkFeature in Frameworks */ = {isa = PBXBuildFile; productRef = 4C3A41643899104787707B05 /* DeviceLinkFeature */; };
		916BBC2A1942B2C84D22C186 /* LibraryFeature in Frameworks */ = {isa = PBXBuildFile; productRef = 70A54EFE33150B6AECA9F176 /* LibraryFeature */; };
		92CF975F56699624DE1619E5 /* PlaybackFeature in Frameworks */ = {isa = PBXBuildFile; productRef = DC216D20D29BAED275586E15 /* PlaybackFeature */; };
		9513B297C3DEBB5BFFF7690E /* DeviceLinkFeature in Frameworks */ = {isa = PBXBuildFile; productRef = 9836F382E3C1DF68F46F6271 /* DeviceLinkFeature */; };
		95BBA72EA4508BA9C63C58FA /* StoreService.swift in Sources */ = {isa = PBXBuildFile; fileRef = 0E4B73D9BDD8A3E95C66CDE7 /* StoreService.swift */; };
		A1091AD690088F7D46102B1A /* NotationFeature in Frameworks */ = {isa = PBXBuildFile; productRef = 0D8E8CAE3CB11D7DB1B99057 /* NotationFeature */; };
		A5B905C6DC602C5BFCA3C28D /* Assets.xcassets in Resources */ = {isa = PBXBuildFile; fileRef = 5E5B7285B9693CCD387E6BCE /* Assets.xcassets */; };
		A618E7E57AFED287F7969AD5 /* ContentView.swift in Sources */ = {isa = PBXBuildFile; fileRef = CC890328F2B3C396AC4214D4 /* ContentView.swift */; };
		A820835933EC74564333976A /* SettingsView.swift in Sources */ = {isa = PBXBuildFile; fileRef = 8B2CE0C68291BE92C252BCD1 /* SettingsView.swift */; };
		A988488F2E8F0AF5C383F889 /* NotationFeature in Frameworks */ = {isa = PBXBuildFile; productRef = 08DB180B3ED16EB27BD7C3A4 /* NotationFeature */; };
		AB5DD579F19C852562E31210 /* AdminConsoleView.swift in Sources */ = {isa = PBXBuildFile; fileRef = 7185FD5608F6FEB450BF2F5A /* AdminConsoleView.swift */; };
		ABDBC146EB33F2F5B0528C76 /* Assets.xcassets in Resources */ = {isa = PBXBuildFile; fileRef = 5E5B7285B9693CCD387E6BCE /* Assets.xcassets */; };
		B6F0E04A2E31012653BA74D8 /* InputTrackingFeature in Frameworks */ = {isa = PBXBuildFile; productRef = D52AEF3DD4DE89184F54EEB6 /* InputTrackingFeature */; };
		BDD95AC299CB38CD0737BA16 /* DesignSystem in Frameworks */ = {isa = PBXBuildFile; productRef = E4D945420D309B3E964B3063 /* DesignSystem */; };
		C448BCAAC459364E21C9CC77 /* DesignSystem in Frameworks */ = {isa = PBXBuildFile; productRef = 01D5840787D395FC83A9B098 /* DesignSystem */; };
		C64445B0A4903C7455C2F876 /* AnalyticsService.swift in Sources */ = {isa = PBXBuildFile; fileRef = 8C19E309A510733E25407B27 /* AnalyticsService.swift */; };
		DEC8FCE83B1354BFE7A116F9 /* AnalyticsService.swift in Sources */ = {isa = PBXBuildFile; fileRef = 8C19E309A510733E25407B27 /* AnalyticsService.swift */; };
		E715E7F5DAFF9B3E6D7E2A7A /* InputTrackingFeature in Frameworks */ = {isa = PBXBuildFile; productRef = 14C5834787FBEEE864C16EA9 /* InputTrackingFeature */; };
		F818650B2E684C3855318DA3 /* AccountLoginView.swift in Sources */ = {isa = PBXBuildFile; fileRef = DA4DFE7BBF5C5B675FB8619F /* AccountLoginView.swift */; };
		F8C735DA53DFFF6D94B3088A /* CoreDomain in Frameworks */ = {isa = PBXBuildFile; productRef = C803733B8F4FAEAF47BCDF97 /* CoreDomain */; };
		FF36CD4677D93A159FC09564 /* StoreService.swift in Sources */ = {isa = PBXBuildFile; fileRef = 0E4B73D9BDD8A3E95C66CDE7 /* StoreService.swift */; };
/* End PBXBuildFile section */

/* Begin PBXContainerItemProxy section */
		48987FA52CE1FDF643B6B8B9 /* PBXContainerItemProxy */ = {
			isa = PBXContainerItemProxy;
			containerPortal = F7A3C2CD69A6C02FAD54E86C /* Project object */;
			proxyType = 1;
			remoteGlobalIDString = 8295C351128D6CC49BA8E432;
			remoteInfo = "ScoreStage-iOS";
		};
/* End PBXContainerItemProxy section */

/* Begin PBXFileReference section */
		022F7216AEF9F79761BDCDDD /* ScoreStage-iOS.app */ = {isa = PBXFileReference; includeInIndex = 0; lastKnownFileType = wrapper.application; path = "ScoreStage-iOS.app"; sourceTree = BUILT_PRODUCTS_DIR; };
		09AA1E7469C8989249819B40 /* ScoreStage-macOS.app */ = {isa = PBXFileReference; explicitFileType = wrapper.application; includeInIndex = 0; path = "ScoreStage-macOS.app"; sourceTree = BUILT_PRODUCTS_DIR; };
		0B1AF3CA42303AB77DADAD5A /* ScoreStage.entitlements */ = {isa = PBXFileReference; lastKnownFileType = text.plist.entitlements; path = ScoreStage.entitlements; sourceTree = "<group>"; };
		0E4B73D9BDD8A3E95C66CDE7 /* StoreService.swift */ = {isa = PBXFileReference; lastKnownFileType = sourcecode.swift; path = StoreService.swift; sourceTree = "<group>"; };
		1F24DE759136043B296DC774 /* ScoreStageApp.swift */ = {isa = PBXFileReference; lastKnownFileType = sourcecode.swift; path = ScoreStageApp.swift; sourceTree = "<group>"; };
		56C4AD745588633BC44FE669 /* SetlistFeature */ = {isa = PBXFileReference; lastKnownFileType = folder; name = SetlistFeature; path = Packages/SetlistFeature; sourceTree = SOURCE_ROOT; };
		595BBFE8D25A7F8D2230BDDC /* InputTrackingFeature */ = {isa = PBXFileReference; lastKnownFileType = folder; name = InputTrackingFeature; path = Packages/InputTrackingFeature; sourceTree = SOURCE_ROOT; };
		5E5B7285B9693CCD387E6BCE /* Assets.xcassets */ = {isa = PBXFileReference; lastKnownFileType = folder.assetcatalog; path = Assets.xcassets; sourceTree = "<group>"; };
		61B85467299C5F689456F8FF /* Info.plist */ = {isa = PBXFileReference; lastKnownFileType = text.plist; path = Info.plist; sourceTree = "<group>"; };
		61CD1E8ED20705E4B8066B3B /* OnboardingView.swift */ = {isa = PBXFileReference; lastKnownFileType = sourcecode.swift; path = OnboardingView.swift; sourceTree = "<group>"; };
		6BCAF7B0338AE4B042F36DB4 /* NotationFeature */ = {isa = PBXFileReference; lastKnownFileType = folder; name = NotationFeature; path = Packages/NotationFeature; sourceTree = SOURCE_ROOT; };
		7185FD5608F6FEB450BF2F5A /* AdminConsoleView.swift */ = {isa = PBXFileReference; lastKnownFileType = sourcecode.swift; path = AdminConsoleView.swift; sourceTree = "<group>"; };
		72B28B8A823D4F1B1D42F76A /* ScoreStageTests.xctest */ = {isa = PBXFileReference; includeInIndex = 0; lastKnownFileType = wrapper.cfbundle; path = ScoreStageTests.xctest; sourceTree = BUILT_PRODUCTS_DIR; };
		7887802C0F7C31F1DAC8C998 /* DesignSystem */ = {isa = PBXFileReference; lastKnownFileType = folder; name = DesignSystem; path = Packages/DesignSystem; sourceTree = SOURCE_ROOT; };
		79B9848EF4887B64CE0C1FB0 /* AnnotationFeature */ = {isa = PBXFileReference; lastKnownFileType = folder; name = AnnotationFeature; path = Packages/AnnotationFeature; sourceTree = SOURCE_ROOT; };
		7C203E0EDE018F74E6BCA18B /* PlaybackFeature */ = {isa = PBXFileReference; lastKnownFileType = folder; name = PlaybackFeature; path = Packages/PlaybackFeature; sourceTree = SOURCE_ROOT; };
		86691D2D6488DAE0D06E02F8 /* ReaderFeature */ = {isa = PBXFileReference; lastKnownFileType = folder; name = ReaderFeature; path = Packages/ReaderFeature; sourceTree = SOURCE_ROOT; };
		8B2CE0C68291BE92C252BCD1 /* SettingsView.swift */ = {isa = PBXFileReference; lastKnownFileType = sourcecode.swift; path = SettingsView.swift; sourceTree = "<group>"; };
		8C19E309A510733E25407B27 /* AnalyticsService.swift */ = {isa = PBXFileReference; lastKnownFileType = sourcecode.swift; path = AnalyticsService.swift; sourceTree = "<group>"; };
		AC2AFDECD528BD44B6C834AB /* PaywallView.swift */ = {isa = PBXFileReference; lastKnownFileType = sourcecode.swift; path = PaywallView.swift; sourceTree = "<group>"; };
		AC39E17927441C0DAF6C6FB8 /* LibraryFeature */ = {isa = PBXFileReference; lastKnownFileType = folder; name = LibraryFeature; path = Packages/LibraryFeature; sourceTree = SOURCE_ROOT; };
		B5F69EDE4E68E2FC717AEEDC /* DeviceLinkFeature */ = {isa = PBXFileReference; lastKnownFileType = folder; name = DeviceLinkFeature; path = Packages/DeviceLinkFeature; sourceTree = SOURCE_ROOT; };
		C0C5CC5F8CF6FF758798936E /* SyncFeature */ = {isa = PBXFileReference; lastKnownFileType = folder; name = SyncFeature; path = Packages/SyncFeature; sourceTree = SOURCE_ROOT; };
		CBCD611DDE4919AD924DC042 /* ScoreStageTests.swift */ = {isa = PBXFileReference; lastKnownFileType = sourcecode.swift; path = ScoreStageTests.swift; sourceTree = "<group>"; };
		CC890328F2B3C396AC4214D4 /* ContentView.swift */ = {isa = PBXFileReference; lastKnownFileType = sourcecode.swift; path = ContentView.swift; sourceTree = "<group>"; };
		DA4DFE7BBF5C5B675FB8619F /* AccountLoginView.swift */ = {isa = PBXFileReference; lastKnownFileType = sourcecode.swift; path = AccountLoginView.swift; sourceTree = "<group>"; };
		E847184B521DA24569D7469A /* CoreDomain */ = {isa = PBXFileReference; lastKnownFileType = folder; name = CoreDomain; path = Packages/CoreDomain; sourceTree = SOURCE_ROOT; };
		F48FA19296652CF24BC2FB4E /* AccountAccess.swift */ = {isa = PBXFileReference; lastKnownFileType = sourcecode.swift; path = AccountAccess.swift; sourceTree = "<group>"; };
/* End PBXFileReference section */

/* Begin PBXFrameworksBuildPhase section */
		094EF180899AFEF9358778AE /* Frameworks */ = {
			isa = PBXFrameworksBuildPhase;
			buildActionMask = 2147483647;
			files = (
				F8C735DA53DFFF6D94B3088A /* CoreDomain in Frameworks */,
				C448BCAAC459364E21C9CC77 /* DesignSystem in Frameworks */,
				916BBC2A1942B2C84D22C186 /* LibraryFeature in Frameworks */,
				805521FA481AAE7B10DC44F2 /* ReaderFeature in Frameworks */,
				82213D85533142368ABCA6E9 /* AnnotationFeature in Frameworks */,
				92CF975F56699624DE1619E5 /* PlaybackFeature in Frameworks */,
				A988488F2E8F0AF5C383F889 /* NotationFeature in Frameworks */,
				1AAC0BB093B3D376E76D2405 /* SyncFeature in Frameworks */,
				89B2F7E7EBF8FA2471DB5B46 /* DeviceLinkFeature in Frameworks */,
				6589CD666E49A314E928BB5D /* SetlistFeature in Frameworks */,
				E715E7F5DAFF9B3E6D7E2A7A /* InputTrackingFeature in Frameworks */,
			);
			runOnlyForDeploymentPostprocessing = 0;
		};
		B2058F60012AA556F54E4B37 /* Frameworks */ = {
			isa = PBXFrameworksBuildPhase;
			buildActionMask = 2147483647;
			files = (
				368898ACA98B752A9AF8ECF9 /* CoreDomain in Frameworks */,
			);
			runOnlyForDeploymentPostprocessing = 0;
		};
		E6E3064E8A9C1B6EE6368D76 /* Frameworks */ = {
			isa = PBXFrameworksBuildPhase;
			buildActionMask = 2147483647;
			files = (
				068D5A3BBC10A328C1E1CA5D /* CoreDomain in Frameworks */,
				BDD95AC299CB38CD0737BA16 /* DesignSystem in Frameworks */,
				6B9984F176BE980F4304A1D7 /* LibraryFeature in Frameworks */,
				7FCF73518E566DC6D95D1E7D /* ReaderFeature in Frameworks */,
				19B892337E1F966B6F382455 /* AnnotationFeature in Frameworks */,
				866997E44245B9EB56305928 /* PlaybackFeature in Frameworks */,
				A1091AD690088F7D46102B1A /* NotationFeature in Frameworks */,
				577CB981D77F2397B996C260 /* SyncFeature in Frameworks */,
				9513B297C3DEBB5BFFF7690E /* DeviceLinkFeature in Frameworks */,
				5F9E9AA68A3CDFF6ECC5F3FE /* SetlistFeature in Frameworks */,
				B6F0E04A2E31012653BA74D8 /* InputTrackingFeature in Frameworks */,
			);
			runOnlyForDeploymentPostprocessing = 0;
		};
/* End PBXFrameworksBuildPhase section */

/* Begin PBXGroup section */
		28DED353D2175001D2B43A07 /* ScoreStageApp */ = {
			isa = PBXGroup;
			children = (
				36583FFEAD7D29918B5A65C6 /* App */,
				5E5B7285B9693CCD387E6BCE /* Assets.xcassets */,
				61B85467299C5F689456F8FF /* Info.plist */,
				0B1AF3CA42303AB77DADAD5A /* ScoreStage.entitlements */,
			);
			path = ScoreStageApp;
			sourceTree = "<group>";
		};
		33E7597EDFD82122623CE4D1 /* Tests */ = {
			isa = PBXGroup;
			children = (
				CBCD611DDE4919AD924DC042 /* ScoreStageTests.swift */,
			);
			path = Tests;
			sourceTree = "<group>";
		};
		36583FFEAD7D29918B5A65C6 /* App */ = {
			isa = PBXGroup;
			children = (
				F48FA19296652CF24BC2FB4E /* AccountAccess.swift */,
				DA4DFE7BBF5C5B675FB8619F /* AccountLoginView.swift */,
				7185FD5608F6FEB450BF2F5A /* AdminConsoleView.swift */,
				8C19E309A510733E25407B27 /* AnalyticsService.swift */,
				CC890328F2B3C396AC4214D4 /* ContentView.swift */,
				61CD1E8ED20705E4B8066B3B /* OnboardingView.swift */,
				AC2AFDECD528BD44B6C834AB /* PaywallView.swift */,
				1F24DE759136043B296DC774 /* ScoreStageApp.swift */,
				8B2CE0C68291BE92C252BCD1 /* SettingsView.swift */,
				0E4B73D9BDD8A3E95C66CDE7 /* StoreService.swift */,
			);
			path = App;
			sourceTree = "<group>";
		};
		4D301C1F79A2B67BB9ECB699 /* Products */ = {
			isa = PBXGroup;
			children = (
				022F7216AEF9F79761BDCDDD /* ScoreStage-iOS.app */,
				09AA1E7469C8989249819B40 /* ScoreStage-macOS.app */,
				72B28B8A823D4F1B1D42F76A /* ScoreStageTests.xctest */,
			);
			name = Products;
			sourceTree = "<group>";
		};
		4E27F1561B1033817353E8C9 = {
			isa = PBXGroup;
			children = (
				92DD86C73AAD32033EF7D519 /* Packages */,
				28DED353D2175001D2B43A07 /* ScoreStageApp */,
				33E7597EDFD82122623CE4D1 /* Tests */,
				4D301C1F79A2B67BB9ECB699 /* Products */,
			);
			sourceTree = "<group>";
		};
		92DD86C73AAD32033EF7D519 /* Packages */ = {
			isa = PBXGroup;
			children = (
				79B9848EF4887B64CE0C1FB0 /* AnnotationFeature */,
				E847184B521DA24569D7469A /* CoreDomain */,
				7887802C0F7C31F1DAC8C998 /* DesignSystem */,
				B5F69EDE4E68E2FC717AEEDC /* DeviceLinkFeature */,
				595BBFE8D25A7F8D2230BDDC /* InputTrackingFeature */,
				AC39E17927441C0DAF6C6FB8 /* LibraryFeature */,
				6BCAF7B0338AE4B042F36DB4 /* NotationFeature */,
				7C203E0EDE018F74E6BCA18B /* PlaybackFeature */,
				86691D2D6488DAE0D06E02F8 /* ReaderFeature */,
				56C4AD745588633BC44FE669 /* SetlistFeature */,
				C0C5CC5F8CF6FF758798936E /* SyncFeature */,
			);
			path = Packages;
			sourceTree = "<group>";
		};
/* End PBXGroup section */

/* Begin PBXNativeTarget section */
		5B8CF1083DB12F884AD2F2B7 /* ScoreStageTests */ = {
			isa = PBXNativeTarget;
			buildConfigurationList = 415FC7AEFC6B86719ECFF558 /* Build configuration list for PBXNativeTarget "ScoreStageTests" */;
			buildPhases = (
				2F9EB2A6FFE1DDC1680E2FB0 /* Sources */,
				B2058F60012AA556F54E4B37 /* Frameworks */,
			);
			buildRules = (
			);
			dependencies = (
				4E7C08CFA3A658F9FF1A404C /* PBXTargetDependency */,
			);
			name = ScoreStageTests;
			packageProductDependencies = (
				3B36979412553F7CBC240F62 /* CoreDomain */,
			);
			productName = ScoreStageTests;
			productReference = 72B28B8A823D4F1B1D42F76A /* ScoreStageTests.xctest */;
			productType = "com.apple.product-type.bundle.unit-test";
		};
		8295C351128D6CC49BA8E432 /* ScoreStage-iOS */ = {
			isa = PBXNativeTarget;
			buildConfigurationList = 8731C1619DCC28A9B6A49ADD /* Build configuration list for PBXNativeTarget "ScoreStage-iOS" */;
			buildPhases = (
				8055BB69D960BEAECFBACDF5 /* Sources */,
				E4DB8ABEFF0F1C7BBDE1E6B0 /* Resources */,
				E6E3064E8A9C1B6EE6368D76 /* Frameworks */,
			);
			buildRules = (
			);
			dependencies = (
			);
			name = "ScoreStage-iOS";
			packageProductDependencies = (
				F4D4AD4C54CC98827868B451 /* CoreDomain */,
				E4D945420D309B3E964B3063 /* DesignSystem */,
				718BCE056C508C1B5C9D5B03 /* LibraryFeature */,
				559D35A7A0CBD41E0FDB2292 /* ReaderFeature */,
				ADA971AFC20E7F8205BD14EC /* AnnotationFeature */,
				E46D0FA2DFFDAD48B0D2B141 /* PlaybackFeature */,
				0D8E8CAE3CB11D7DB1B99057 /* NotationFeature */,
				ADB558F2B29A153233576609 /* SyncFeature */,
				9836F382E3C1DF68F46F6271 /* DeviceLinkFeature */,
				B31F5C39D978E876782944C8 /* SetlistFeature */,
				D52AEF3DD4DE89184F54EEB6 /* InputTrackingFeature */,
			);
			productName = "ScoreStage-iOS";
			productReference = 022F7216AEF9F79761BDCDDD /* ScoreStage-iOS.app */;
			productType = "com.apple.product-type.application";
		};
		CBB157DD3986E69751C63C64 /* ScoreStage-macOS */ = {
			isa = PBXNativeTarget;
			buildConfigurationList = 3365E688231B6DE7EF13CF67 /* Build configuration list for PBXNativeTarget "ScoreStage-macOS" */;
			buildPhases = (
				32AC70C5F34D68B10056E1FD /* Sources */,
				60598882834CA04D662E3A2F /* Resources */,
				094EF180899AFEF9358778AE /* Frameworks */,
			);
			buildRules = (
			);
			dependencies = (
			);
			name = "ScoreStage-macOS";
			packageProductDependencies = (
				C803733B8F4FAEAF47BCDF97 /* CoreDomain */,
				01D5840787D395FC83A9B098 /* DesignSystem */,
				70A54EFE33150B6AECA9F176 /* LibraryFeature */,
				0C51E0C0D46C09DD3BD1FB57 /* ReaderFeature */,
				AA299D5A6BF1513D0BDE06BE /* AnnotationFeature */,
				DC216D20D29BAED275586E15 /* PlaybackFeature */,
				08DB180B3ED16EB27BD7C3A4 /* NotationFeature */,
				E107029463CF13117DAE64C0 /* SyncFeature */,
				4C3A41643899104787707B05 /* DeviceLinkFeature */,
				CDB76905AC76C08AE55CE1E0 /* SetlistFeature */,
				14C5834787FBEEE864C16EA9 /* InputTrackingFeature */,
			);
			productName = "ScoreStage-macOS";
			productReference = 09AA1E7469C8989249819B40 /* ScoreStage-macOS.app */;
			productType = "com.apple.product-type.application";
		};
/* End PBXNativeTarget section */

/* Begin PBXProject section */
		F7A3C2CD69A6C02FAD54E86C /* Project object */ = {
			isa = PBXProject;
			attributes = {
				BuildIndependentTargetsInParallel = YES;
				LastUpgradeCheck = 1600;
				TargetAttributes = {
					5B8CF1083DB12F884AD2F2B7 = {
						DevelopmentTeam = FTBBTCJ34T;
						ProvisioningStyle = Automatic;
					};
					8295C351128D6CC49BA8E432 = {
						DevelopmentTeam = FTBBTCJ34T;
						ProvisioningStyle = Automatic;
					};
					CBB157DD3986E69751C63C64 = {
						DevelopmentTeam = FTBBTCJ34T;
						ProvisioningStyle = Automatic;
					};
				};
			};
			buildConfigurationList = 5AD2CD3E981535EEBB6D47BF /* Build configuration list for PBXProject "ScoreStage" */;
			developmentRegion = en;
			hasScannedForEncodings = 0;
			knownRegions = (
				Base,
				en,
			);
			mainGroup = 4E27F1561B1033817353E8C9;
			minimizedProjectReferenceProxies = 1;
			packageReferences = (
				86A858DCAEA18CE6EB742526 /* XCLocalSwiftPackageReference "Packages/AnnotationFeature" */,
				674CC589EAE2D7F15BF8A1ED /* XCLocalSwiftPackageReference "Packages/CoreDomain" */,
				7CFCF3B04BBEFA8A552AC53E /* XCLocalSwiftPackageReference "Packages/DesignSystem" */,
				8E8E2C823779A61AA3F34169 /* XCLocalSwiftPackageReference "Packages/DeviceLinkFeature" */,
				00C45397A7EE5454FD86D108 /* XCLocalSwiftPackageReference "Packages/InputTrackingFeature" */,
				84EE66530A94980BE76B7FE5 /* XCLocalSwiftPackageReference "Packages/LibraryFeature" */,
				3C9768879D4BBEE92D5CF264 /* XCLocalSwiftPackageReference "Packages/NotationFeature" */,
				FB5F47D20D734E4B4E07AC06 /* XCLocalSwiftPackageReference "Packages/PlaybackFeature" */,
				F166EADAC8D0DD523810F1EC /* XCLocalSwiftPackageReference "Packages/ReaderFeature" */,
				D1704862C5DEF945523943F8 /* XCLocalSwiftPackageReference "Packages/SetlistFeature" */,
				AF346EBA84AB89360E04339E /* XCLocalSwiftPackageReference "Packages/SyncFeature" */,
			);
			preferredProjectObjectVersion = 77;
			productRefGroup = 4D301C1F79A2B67BB9ECB699 /* Products */;
			projectDirPath = "";
			projectRoot = "";
			targets = (
				8295C351128D6CC49BA8E432 /* ScoreStage-iOS */,
				CBB157DD3986E69751C63C64 /* ScoreStage-macOS */,
				5B8CF1083DB12F884AD2F2B7 /* ScoreStageTests */,
			);
		};
/* End PBXProject section */

/* Begin PBXResourcesBuildPhase section */
		60598882834CA04D662E3A2F /* Resources */ = {
			isa = PBXResourcesBuildPhase;
			buildActionMask = 2147483647;
			files = (
				A5B905C6DC602C5BFCA3C28D /* Assets.xcassets in Resources */,
			);
			runOnlyForDeploymentPostprocessing = 0;
		};
		E4DB8ABEFF0F1C7BBDE1E6B0 /* Resources */ = {
			isa = PBXResourcesBuildPhase;
			buildActionMask = 2147483647;
			files = (
				ABDBC146EB33F2F5B0528C76 /* Assets.xcassets in Resources */,
			);
			runOnlyForDeploymentPostprocessing = 0;
		};
/* End PBXResourcesBuildPhase section */

/* Begin PBXSourcesBuildPhase section */
		2F9EB2A6FFE1DDC1680E2FB0 /* Sources */ = {
			isa = PBXSourcesBuildPhase;
			buildActionMask = 2147483647;
			files = (
				3A9322074186841C69B46367 /* ScoreStageTests.swift in Sources */,
			);
			runOnlyForDeploymentPostprocessing = 0;
		};
		32AC70C5F34D68B10056E1FD /* Sources */ = {
			isa = PBXSourcesBuildPhase;
			buildActionMask = 2147483647;
			files = (
				4B325C1B2B39C213E7EB38E4 /* AccountAccess.swift in Sources */,
				F818650B2E684C3855318DA3 /* AccountLoginView.swift in Sources */,
				23899A3D9AE123B256586333 /* AdminConsoleView.swift in Sources */,
				DEC8FCE83B1354BFE7A116F9 /* AnalyticsService.swift in Sources */,
				639671C2C5CBB6E3207A2984 /* ContentView.swift in Sources */,
				3523EB753652F366CECD5EFF /* OnboardingView.swift in Sources */,
				80AD6678CA639845B75E534F /* PaywallView.swift in Sources */,
				5CDEA5E8E0FDC04DC7076AE7 /* ScoreStageApp.swift in Sources */,
				A820835933EC74564333976A /* SettingsView.swift in Sources */,
				FF36CD4677D93A159FC09564 /* StoreService.swift in Sources */,
			);
			runOnlyForDeploymentPostprocessing = 0;
		};
		8055BB69D960BEAECFBACDF5 /* Sources */ = {
			isa = PBXSourcesBuildPhase;
			buildActionMask = 2147483647;
			files = (
				454CABF06BA43B1F831D91CC /* AccountAccess.swift in Sources */,
				64D7185B1C7A92B3E680F40F /* AccountLoginView.swift in Sources */,
				AB5DD579F19C852562E31210 /* AdminConsoleView.swift in Sources */,
				C64445B0A4903C7455C2F876 /* AnalyticsService.swift in Sources */,
				A618E7E57AFED287F7969AD5 /* ContentView.swift in Sources */,
				680F6D97C40CD7463058871A /* OnboardingView.swift in Sources */,
				7661CF385277261087C4D48B /* PaywallView.swift in Sources */,
				423580C68836CC111D590B4C /* ScoreStageApp.swift in Sources */,
				3AC9980BA25ABD095CF9DF19 /* SettingsView.swift in Sources */,
				95BBA72EA4508BA9C63C58FA /* StoreService.swift in Sources */,
			);
			runOnlyForDeploymentPostprocessing = 0;
		};
/* End PBXSourcesBuildPhase section */

/* Begin PBXTargetDependency section */
		4E7C08CFA3A658F9FF1A404C /* PBXTargetDependency */ = {
			isa = PBXTargetDependency;
			target = 8295C351128D6CC49BA8E432 /* ScoreStage-iOS */;
			targetProxy = 48987FA52CE1FDF643B6B8B9 /* PBXContainerItemProxy */;
		};
/* End PBXTargetDependency section */

/* Begin XCBuildConfiguration section */
		032629A7FF6A73AB195E6606 /* Debug */ = {
			isa = XCBuildConfiguration;
			buildSettings = {
				ALWAYS_SEARCH_USER_PATHS = NO;
				CLANG_ANALYZER_NONNULL = YES;
				CLANG_ANALYZER_NUMBER_OBJECT_CONVERSION = YES_AGGRESSIVE;
				CLANG_CXX_LANGUAGE_STANDARD = "gnu++14";
				CLANG_CXX_LIBRARY = "libc++";
				CLANG_ENABLE_MODULES = YES;
				CLANG_ENABLE_OBJC_ARC = YES;
				CLANG_ENABLE_OBJC_WEAK = YES;
				CLANG_WARN_BLOCK_CAPTURE_AUTORELEASING = YES;
				CLANG_WARN_BOOL_CONVERSION = YES;
				CLANG_WARN_COMMA = YES;
				CLANG_WARN_CONSTANT_CONVERSION = YES;
				CLANG_WARN_DEPRECATED_OBJC_IMPLEMENTATIONS = YES;
				CLANG_WARN_DIRECT_OBJC_ISA_USAGE = YES_ERROR;
				CLANG_WARN_DOCUMENTATION_COMMENTS = YES;
				CLANG_WARN_EMPTY_BODY = YES;
				CLANG_WARN_ENUM_CONVERSION = YES;
				CLANG_WARN_INFINITE_RECURSION = YES;
				CLANG_WARN_INT_CONVERSION = YES;
				CLANG_WARN_NON_LITERAL_NULL_CONVERSION = YES;
				CLANG_WARN_OBJC_IMPLICIT_RETAIN_SELF = YES;
				CLANG_WARN_OBJC_LITERAL_CONVERSION = YES;
				CLANG_WARN_OBJC_ROOT_CLASS = YES_ERROR;
				CLANG_WARN_QUOTED_INCLUDE_IN_FRAMEWORK_HEADER = YES;
				CLANG_WARN_RANGE_LOOP_ANALYSIS = YES;
				CLANG_WARN_STRICT_PROTOTYPES = YES;
				CLANG_WARN_SUSPICIOUS_MOVE = YES;
				CLANG_WARN_UNGUARDED_AVAILABILITY = YES_AGGRESSIVE;
				CLANG_WARN_UNREACHABLE_CODE = YES;
				CLANG_WARN__DUPLICATE_METHOD_MATCH = YES;
				CODE_SIGN_IDENTITY = "Apple Development";
				CODE_SIGN_STYLE = Automatic;
				COPY_PHASE_STRIP = NO;
				DEBUG_INFORMATION_FORMAT = dwarf;
				DEVELOPMENT_TEAM = FTBBTCJ34T;
				ENABLE_STRICT_OBJC_MSGSEND = YES;
				ENABLE_TESTABILITY = YES;
				ENABLE_USER_SCRIPT_SANDBOXING = NO;
				GCC_C_LANGUAGE_STANDARD = gnu11;
				GCC_DYNAMIC_NO_PIC = NO;
				GCC_NO_COMMON_BLOCKS = YES;
				GCC_OPTIMIZATION_LEVEL = 0;
				GCC_PREPROCESSOR_DEFINITIONS = (
					"$(inherited)",
					"DEBUG=1",
				);
				GCC_WARN_64_TO_32_BIT_CONVERSION = YES;
				GCC_WARN_ABOUT_RETURN_TYPE = YES_ERROR;
				GCC_WARN_UNDECLARED_SELECTOR = YES;
				GCC_WARN_UNINITIALIZED_AUTOS = YES_AGGRESSIVE;
				GCC_WARN_UNUSED_FUNCTION = YES;
				GCC_WARN_UNUSED_VARIABLE = YES;
				IPHONEOS_DEPLOYMENT_TARGET = 17.0;
				MACOSX_DEPLOYMENT_TARGET = 14.0;
				MTL_ENABLE_DEBUG_INFO = INCLUDE_SOURCE;
				MTL_FAST_MATH = YES;
				ONLY_ACTIVE_ARCH = YES;
				PRODUCT_NAME = "$(TARGET_NAME)";
				SWIFT_ACTIVE_COMPILATION_CONDITIONS = DEBUG;
				SWIFT_OPTIMIZATION_LEVEL = "-Onone";
				SWIFT_VERSION = 6.0;
			};
			name = Debug;
		};
		0B5670BDBF98DA37A331AEE7 /* Release */ = {
			isa = XCBuildConfiguration;
			buildSettings = {
				BUNDLE_LOADER = "$(TEST_HOST)";
				GENERATE_INFOPLIST_FILE = YES;
				LD_RUNPATH_SEARCH_PATHS = (
					"$(inherited)",
					"@executable_path/Frameworks",
					"@loader_path/Frameworks",
				);
				PRODUCT_BUNDLE_IDENTIFIER = com.scorestage.tests;
				SDKROOT = iphoneos;
				TARGETED_DEVICE_FAMILY = "1,2";
				TEST_HOST = "$(BUILT_PRODUCTS_DIR)/ScoreStage.app/ScoreStage";
			};
			name = Release;
		};
		1F0DFD976432421B73BC088F /* Debug */ = {
			isa = XCBuildConfiguration;
			buildSettings = {
				ASSETCATALOG_COMPILER_APPICON_NAME = AppIcon;
				CODE_SIGN_ENTITLEMENTS = ScoreStageApp/ScoreStage.entitlements;
				CODE_SIGN_IDENTITY = "iPhone Developer";
				CURRENT_PROJECT_VERSION = 1;
				INFOPLIST_FILE = ScoreStageApp/Info.plist;
				LD_RUNPATH_SEARCH_PATHS = (
					"$(inherited)",
					"@executable_path/Frameworks",
				);
				MARKETING_VERSION = 0.1.0;
				PRODUCT_BUNDLE_IDENTIFIER = com.scorestage.app;
				PRODUCT_NAME = ScoreStage;
				SDKROOT = iphoneos;
				SUPPORTS_MAC_DESIGNED_FOR_IPHONE_IPAD = YES;
				SWIFT_STRICT_CONCURRENCY = complete;
				TARGETED_DEVICE_FAMILY = "1,2";
			};
			name = Debug;
		};
		5FFA672F11AA66ABEC472DEC /* Release */ = {
			isa = XCBuildConfiguration;
			buildSettings = {
				ASSETCATALOG_COMPILER_APPICON_NAME = AppIcon;
				CODE_SIGN_ENTITLEMENTS = ScoreStageApp/ScoreStage.entitlements;
				COMBINE_HIDPI_IMAGES = YES;
				CURRENT_PROJECT_VERSION = 1;
				INFOPLIST_FILE = ScoreStageApp/Info.plist;
				LD_RUNPATH_SEARCH_PATHS = (
					"$(inherited)",
					"@executable_path/../Frameworks",
				);
				MARKETING_VERSION = 0.1.0;
				PRODUCT_BUNDLE_IDENTIFIER = com.scorestage.app;
				PRODUCT_NAME = ScoreStage;
				SDKROOT = macosx;
				SWIFT_STRICT_CONCURRENCY = complete;
			};
			name = Release;
		};
		7F6DC5667CA47898EE271CE0 /* Debug */ = {
			isa = XCBuildConfiguration;
			buildSettings = {
				ASSETCATALOG_COMPILER_APPICON_NAME = AppIcon;
				CODE_SIGN_ENTITLEMENTS = ScoreStageApp/ScoreStage.entitlements;
				COMBINE_HIDPI_IMAGES = YES;
				CURRENT_PROJECT_VERSION = 1;
				INFOPLIST_FILE = ScoreStageApp/Info.plist;
				LD_RUNPATH_SEARCH_PATHS = (
					"$(inherited)",
					"@executable_path/../Frameworks",
				);
				MARKETING_VERSION = 0.1.0;
				PRODUCT_BUNDLE_IDENTIFIER = com.scorestage.app;
				PRODUCT_NAME = ScoreStage;
				SDKROOT = macosx;
				SWIFT_STRICT_CONCURRENCY = complete;
			};
			name = Debug;
		};
		A5E32AD87F6DCBD0DC85BE3E /* Release */ = {
			isa = XCBuildConfiguration;
			buildSettings = {
				ALWAYS_SEARCH_USER_PATHS = NO;
				CLANG_ANALYZER_NONNULL = YES;
				CLANG_ANALYZER_NUMBER_OBJECT_CONVERSION = YES_AGGRESSIVE;
				CLANG_CXX_LANGUAGE_STANDARD = "gnu++14";
				CLANG_CXX_LIBRARY = "libc++";
				CLANG_ENABLE_MODULES = YES;
				CLANG_ENABLE_OBJC_ARC = YES;
				CLANG_ENABLE_OBJC_WEAK = YES;
				CLANG_WARN_BLOCK_CAPTURE_AUTORELEASING = YES;
				CLANG_WARN_BOOL_CONVERSION = YES;
				CLANG_WARN_COMMA = YES;
				CLANG_WARN_CONSTANT_CONVERSION = YES;
				CLANG_WARN_DEPRECATED_OBJC_IMPLEMENTATIONS = YES;
				CLANG_WARN_DIRECT_OBJC_ISA_USAGE = YES_ERROR;
				CLANG_WARN_DOCUMENTATION_COMMENTS = YES;
				CLANG_WARN_EMPTY_BODY = YES;
				CLANG_WARN_ENUM_CONVERSION = YES;
				CLANG_WARN_INFINITE_RECURSION = YES;
				CLANG_WARN_INT_CONVERSION = YES;
				CLANG_WARN_NON_LITERAL_NULL_CONVERSION = YES;
				CLANG_WARN_OBJC_IMPLICIT_RETAIN_SELF = YES;
				CLANG_WARN_OBJC_LITERAL_CONVERSION = YES;
				CLANG_WARN_OBJC_ROOT_CLASS = YES_ERROR;
				CLANG_WARN_QUOTED_INCLUDE_IN_FRAMEWORK_HEADER = YES;
				CLANG_WARN_RANGE_LOOP_ANALYSIS = YES;
				CLANG_WARN_STRICT_PROTOTYPES = YES;
				CLANG_WARN_SUSPICIOUS_MOVE = YES;
				CLANG_WARN_UNGUARDED_AVAILABILITY = YES_AGGRESSIVE;
				CLANG_WARN_UNREACHABLE_CODE = YES;
				CLANG_WARN__DUPLICATE_METHOD_MATCH = YES;
				CODE_SIGN_IDENTITY = "Apple Development";
				CODE_SIGN_STYLE = Automatic;
				COPY_PHASE_STRIP = NO;
				DEBUG_INFORMATION_FORMAT = "dwarf-with-dsym";
				DEVELOPMENT_TEAM = FTBBTCJ34T;
				ENABLE_NS_ASSERTIONS = NO;
				ENABLE_STRICT_OBJC_MSGSEND = YES;
				ENABLE_USER_SCRIPT_SANDBOXING = NO;
				GCC_C_LANGUAGE_STANDARD = gnu11;
				GCC_NO_COMMON_BLOCKS = YES;
				GCC_WARN_64_TO_32_BIT_CONVERSION = YES;
				GCC_WARN_ABOUT_RETURN_TYPE = YES_ERROR;
				GCC_WARN_UNDECLARED_SELECTOR = YES;
				GCC_WARN_UNINITIALIZED_AUTOS = YES_AGGRESSIVE;
				GCC_WARN_UNUSED_FUNCTION = YES;
				GCC_WARN_UNUSED_VARIABLE = YES;
				IPHONEOS_DEPLOYMENT_TARGET = 17.0;
				MACOSX_DEPLOYMENT_TARGET = 14.0;
				MTL_ENABLE_DEBUG_INFO = NO;
				MTL_FAST_MATH = YES;
				PRODUCT_NAME = "$(TARGET_NAME)";
				SWIFT_COMPILATION_MODE = wholemodule;
				SWIFT_OPTIMIZATION_LEVEL = "-O";
				SWIFT_VERSION = 6.0;
			};
			name = Release;
		};
		DB1EDF8A61256969C1290252 /* Debug */ = {
			isa = XCBuildConfiguration;
			buildSettings = {
				BUNDLE_LOADER = "$(TEST_HOST)";
				GENERATE_INFOPLIST_FILE = YES;
				LD_RUNPATH_SEARCH_PATHS = (
					"$(inherited)",
					"@executable_path/Frameworks",
					"@loader_path/Frameworks",
				);
				PRODUCT_BUNDLE_IDENTIFIER = com.scorestage.tests;
				SDKROOT = iphoneos;
				TARGETED_DEVICE_FAMILY = "1,2";
				TEST_HOST = "$(BUILT_PRODUCTS_DIR)/ScoreStage.app/ScoreStage";
			};
			name = Debug;
		};
		F5A9E0FDAB176C3D7CDD2742 /* Release */ = {
			isa = XCBuildConfiguration;
			buildSettings = {
				ASSETCATALOG_COMPILER_APPICON_NAME = AppIcon;
				CODE_SIGN_ENTITLEMENTS = ScoreStageApp/ScoreStage.entitlements;
				CODE_SIGN_IDENTITY = "iPhone Developer";
				CURRENT_PROJECT_VERSION = 1;
				INFOPLIST_FILE = ScoreStageApp/Info.plist;
				LD_RUNPATH_SEARCH_PATHS = (
					"$(inherited)",
					"@executable_path/Frameworks",
				);
				MARKETING_VERSION = 0.1.0;
				PRODUCT_BUNDLE_IDENTIFIER = com.scorestage.app;
				PRODUCT_NAME = ScoreStage;
				SDKROOT = iphoneos;
				SUPPORTS_MAC_DESIGNED_FOR_IPHONE_IPAD = YES;
				SWIFT_STRICT_CONCURRENCY = complete;
				TARGETED_DEVICE_FAMILY = "1,2";
			};
			name = Release;
		};
/* End XCBuildConfiguration section */

/* Begin XCConfigurationList section */
		3365E688231B6DE7EF13CF67 /* Build configuration list for PBXNativeTarget "ScoreStage-macOS" */ = {
			isa = XCConfigurationList;
			buildConfigurations = (
				7F6DC5667CA47898EE271CE0 /* Debug */,
				5FFA672F11AA66ABEC472DEC /* Release */,
			);
			defaultConfigurationIsVisible = 0;
			defaultConfigurationName = Debug;
		};
		415FC7AEFC6B86719ECFF558 /* Build configuration list for PBXNativeTarget "ScoreStageTests" */ = {
			isa = XCConfigurationList;
			buildConfigurations = (
				DB1EDF8A61256969C1290252 /* Debug */,
				0B5670BDBF98DA37A331AEE7 /* Release */,
			);
			defaultConfigurationIsVisible = 0;
			defaultConfigurationName = Debug;
		};
		5AD2CD3E981535EEBB6D47BF /* Build configuration list for PBXProject "ScoreStage" */ = {
			isa = XCConfigurationList;
			buildConfigurations = (
				032629A7FF6A73AB195E6606 /* Debug */,
				A5E32AD87F6DCBD0DC85BE3E /* Release */,
			);
			defaultConfigurationIsVisible = 0;
			defaultConfigurationName = Debug;
		};
		8731C1619DCC28A9B6A49ADD /* Build configuration list for PBXNativeTarget "ScoreStage-iOS" */ = {
			isa = XCConfigurationList;
			buildConfigurations = (
				1F0DFD976432421B73BC088F /* Debug */,
				F5A9E0FDAB176C3D7CDD2742 /* Release */,
			);
			defaultConfigurationIsVisible = 0;
			defaultConfigurationName = Debug;
		};
/* End XCConfigurationList section */

/* Begin XCLocalSwiftPackageReference section */
		00C45397A7EE5454FD86D108 /* XCLocalSwiftPackageReference "Packages/InputTrackingFeature" */ = {
			isa = XCLocalSwiftPackageReference;
			relativePath = Packages/InputTrackingFeature;
		};
		3C9768879D4BBEE92D5CF264 /* XCLocalSwiftPackageReference "Packages/NotationFeature" */ = {
			isa = XCLocalSwiftPackageReference;
			relativePath = Packages/NotationFeature;
		};
		674CC589EAE2D7F15BF8A1ED /* XCLocalSwiftPackageReference "Packages/CoreDomain" */ = {
			isa = XCLocalSwiftPackageReference;
			relativePath = Packages/CoreDomain;
		};
		7CFCF3B04BBEFA8A552AC53E /* XCLocalSwiftPackageReference "Packages/DesignSystem" */ = {
			isa = XCLocalSwiftPackageReference;
			relativePath = Packages/DesignSystem;
		};
		84EE66530A94980BE76B7FE5 /* XCLocalSwiftPackageReference "Packages/LibraryFeature" */ = {
			isa = XCLocalSwiftPackageReference;
			relativePath = Packages/LibraryFeature;
		};
		86A858DCAEA18CE6EB742526 /* XCLocalSwiftPackageReference "Packages/AnnotationFeature" */ = {
			isa = XCLocalSwiftPackageReference;
			relativePath = Packages/AnnotationFeature;
		};
		8E8E2C823779A61AA3F34169 /* XCLocalSwiftPackageReference "Packages/DeviceLinkFeature" */ = {
			isa = XCLocalSwiftPackageReference;
			relativePath = Packages/DeviceLinkFeature;
		};
		AF346EBA84AB89360E04339E /* XCLocalSwiftPackageReference "Packages/SyncFeature" */ = {
			isa = XCLocalSwiftPackageReference;
			relativePath = Packages/SyncFeature;
		};
		D1704862C5DEF945523943F8 /* XCLocalSwiftPackageReference "Packages/SetlistFeature" */ = {
			isa = XCLocalSwiftPackageReference;
			relativePath = Packages/SetlistFeature;
		};
		F166EADAC8D0DD523810F1EC /* XCLocalSwiftPackageReference "Packages/ReaderFeature" */ = {
			isa = XCLocalSwiftPackageReference;
			relativePath = Packages/ReaderFeature;
		};
		FB5F47D20D734E4B4E07AC06 /* XCLocalSwiftPackageReference "Packages/PlaybackFeature" */ = {
			isa = XCLocalSwiftPackageReference;
			relativePath = Packages/PlaybackFeature;
		};
/* End XCLocalSwiftPackageReference section */

/* Begin XCSwiftPackageProductDependency section */
		01D5840787D395FC83A9B098 /* DesignSystem */ = {
			isa = XCSwiftPackageProductDependency;
			productName = DesignSystem;
		};
		08DB180B3ED16EB27BD7C3A4 /* NotationFeature */ = {
			isa = XCSwiftPackageProductDependency;
			productName = NotationFeature;
		};
		0C51E0C0D46C09DD3BD1FB57 /* ReaderFeature */ = {
			isa = XCSwiftPackageProductDependency;
			productName = ReaderFeature;
		};
		0D8E8CAE3CB11D7DB1B99057 /* NotationFeature */ = {
			isa = XCSwiftPackageProductDependency;
			productName = NotationFeature;
		};
		14C5834787FBEEE864C16EA9 /* InputTrackingFeature */ = {
			isa = XCSwiftPackageProductDependency;
			productName = InputTrackingFeature;
		};
		3B36979412553F7CBC240F62 /* CoreDomain */ = {
			isa = XCSwiftPackageProductDependency;
			productName = CoreDomain;
		};
		4C3A41643899104787707B05 /* DeviceLinkFeature */ = {
			isa = XCSwiftPackageProductDependency;
			productName = DeviceLinkFeature;
		};
		559D35A7A0CBD41E0FDB2292 /* ReaderFeature */ = {
			isa = XCSwiftPackageProductDependency;
			productName = ReaderFeature;
		};
		70A54EFE33150B6AECA9F176 /* LibraryFeature */ = {
			isa = XCSwiftPackageProductDependency;
			productName = LibraryFeature;
		};
		718BCE056C508C1B5C9D5B03 /* LibraryFeature */ = {
			isa = XCSwiftPackageProductDependency;
			productName = LibraryFeature;
		};
		9836F382E3C1DF68F46F6271 /* DeviceLinkFeature */ = {
			isa = XCSwiftPackageProductDependency;
			productName = DeviceLinkFeature;
		};
		AA299D5A6BF1513D0BDE06BE /* AnnotationFeature */ = {
			isa = XCSwiftPackageProductDependency;
			productName = AnnotationFeature;
		};
		ADA971AFC20E7F8205BD14EC /* AnnotationFeature */ = {
			isa = XCSwiftPackageProductDependency;
			productName = AnnotationFeature;
		};
		ADB558F2B29A153233576609 /* SyncFeature */ = {
			isa = XCSwiftPackageProductDependency;
			productName = SyncFeature;
		};
		B31F5C39D978E876782944C8 /* SetlistFeature */ = {
			isa = XCSwiftPackageProductDependency;
			productName = SetlistFeature;
		};
		C803733B8F4FAEAF47BCDF97 /* CoreDomain */ = {
			isa = XCSwiftPackageProductDependency;
			productName = CoreDomain;
		};
		CDB76905AC76C08AE55CE1E0 /* SetlistFeature */ = {
			isa = XCSwiftPackageProductDependency;
			productName = SetlistFeature;
		};
		D52AEF3DD4DE89184F54EEB6 /* InputTrackingFeature */ = {
			isa = XCSwiftPackageProductDependency;
			productName = InputTrackingFeature;
		};
		DC216D20D29BAED275586E15 /* PlaybackFeature */ = {
			isa = XCSwiftPackageProductDependency;
			productName = PlaybackFeature;
		};
		E107029463CF13117DAE64C0 /* SyncFeature */ = {
			isa = XCSwiftPackageProductDependency;
			productName = SyncFeature;
		};
		E46D0FA2DFFDAD48B0D2B141 /* PlaybackFeature */ = {
			isa = XCSwiftPackageProductDependency;
			productName = PlaybackFeature;
		};
		E4D945420D309B3E964B3063 /* DesignSystem */ = {
			isa = XCSwiftPackageProductDependency;
			productName = DesignSystem;
		};
		F4D4AD4C54CC98827868B451 /* CoreDomain */ = {
			isa = XCSwiftPackageProductDependency;
			productName = CoreDomain;
		};
/* End XCSwiftPackageProductDependency section */
	};
	rootObject = F7A3C2CD69A6C02FAD54E86C /* Project object */;
}
